
Microsoft Visual Studio Solution File, Format Version 12.00
# Visual Studio 2013
VisualStudioVersion = 12.0.21005.1
MinimumVisualStudioVersion = 10.0.40219.1
Project("{FAE04EC0-301F-11D3-BF4B-00C04F79EFBC}") = "IRC Client WPF", "IRC Client WPF\IRC Client WPF.csproj", "{D9A36CEC-2CEF-4B07-91A8-5C1187ACB1A2}"
EndProject
Project("{FAE04EC0-301F-11D3-BF4B-00C04F79EFBC}") = "IRC Client Unit Test", "IRC Client Unit Test\IRC Client Unit Test.csproj", "{E1AD0E8D-3A45-4024-9E36-6282B66D03A1}"
EndProject
Global
	GlobalSection(SolutionConfigurationPlatforms) = preSolution
		Debug|Any CPU = Debug|Any CPU
		Release|Any CPU = Release|Any CPU
	EndGlobalSection
	GlobalSection(ProjectConfigurationPlatforms) = postSolution
		{D9A36CEC-2CEF-4B07-91A8-5C1187ACB1A2}.Debug|Any CPU.ActiveCfg = Debug|Any CPU
		{D9A36CEC-2CEF-4B07-91A8-5C1187ACB1A2}.Debug|Any CPU.Build.0 = Debug|Any CPU
		{D9A36CEC-2CEF-4B07-91A8-5C1187ACB1A2}.Release|Any CPU.ActiveCfg = Release|Any CPU
		{D9A36CEC-2CEF-4B07-91A8-5C1187ACB1A2}.Release|Any CPU.Build.0 = Release|Any CPU
		{E1AD0E8D-3A45-4024-9E36-6282B66D03A1}.Debug|Any CPU.ActiveCfg = Debug|Any CPU
		{E1AD0E8D-3A45-4024-9E36-6282B66D03A1}.Debug|Any CPU.Build.0 = Debug|Any CPU
		{E1AD0E8D-3A45-4024-9E36-6282B66D03A1}.Release|Any CPU.ActiveCfg = Release|Any CPU
		{E1AD0E8D-3A45-4024-9E36-6282B66D03A1}.Release|Any CPU.Build.0 = Release|Any CPU
	EndGlobalSection
	GlobalSection(SolutionProperties) = preSolution
		HideSolutionNode = FALSE
	EndGlobalSection
EndGlobal
